
Microsoft Visual Studio Solution File, Format Version 12.00
# Visual Studio Version 17
VisualStudioVersion = 17.0.32112.339
MinimumVisualStudioVersion = 10.0.40219.1
Project("{FAE04EC0-301F-11D3-BF4B-00C04F79EFBC}") = "ReproEfBatch", "ReproEfBatch.csproj", "{03F844E9-5650-4281-A839-1D11FAC08841}"
EndProject
Global
	GlobalSection(SolutionConfigurationPlatforms) = preSolution
		Debug|Any CPU = Debug|Any CPU
		Release|Any CPU = Release|Any CPU
	EndGlobalSection
	GlobalSection(ProjectConfigurationPlatforms) = postSolution
		{03F844E9-5650-4281-A839-1D11FAC08841}.Debug|Any CPU.ActiveCfg = Debug|Any CPU
		{03F844E9-5650-4281-A839-1D11FAC08841}.Debug|Any CPU.Build.0 = Debug|Any CPU
		{03F844E9-5650-4281-A839-1D11FAC08841}.Release|Any CPU.ActiveCfg = Release|Any CPU
		{03F844E9-5650-4281-A839-1D11FAC08841}.Release|Any CPU.Build.0 = Release|Any CPU
	EndGlobalSection
	GlobalSection(SolutionProperties) = preSolution
		HideSolutionNode = FALSE
	EndGlobalSection
	GlobalSection(ExtensibilityGlobals) = postSolution
		SolutionGuid = {DA195189-3173-450C-9704-1F86A9DFE3A6}
	EndGlobalSection
EndGlobal
